
Microsoft Visual Studio Solution File, Format Version 12.00
Project("{FAE04EC0-301F-11D3-BF4B-00C04F79EFBC}") = "Learning.Auth.Cookies.Api", "Learning.Auth.Cookies.Api\Learning.Auth.Cookies.Api.csproj", "{4E15F0A9-E45F-4E58-8181-02130E981A14}"
EndProject
Project("{FAE04EC0-301F-11D3-BF4B-00C04F79EFBC}") = "Learning.Auth.Identity.Cookies.Api", "Learning.Auth.Identity.Cookies.Api\Learning.Auth.Identity.Cookies.Api.csproj", "{968F69F4-C0AA-44C7-B8F6-4DC6D82C97F4}"
EndProject
Project("{FAE04EC0-301F-11D3-BF4B-00C04F79EFBC}") = "Learning.Auth.Jwt.Api.KeyGen", "Learning.Auth.Jwt.Api.KeyGen\Learning.Auth.Jwt.Api.KeyGen.csproj", "{3D6DFFA7-51EE-42F0-929A-39424187644C}"
EndProject
Project("{FAE04EC0-301F-11D3-BF4B-00C04F79EFBC}") = "Learning.Auth.Jwt.Api.Client", "Learning.Auth.Jwt.Api.Client\Learning.Auth.Jwt.Api.Client.csproj", "{6904043C-AB76-45EC-8D4F-43F9313F36C0}"
EndProject
Project("{FAE04EC0-301F-11D3-BF4B-00C04F79EFBC}") = "Learning.Auth.Jwt.Api.Server", "Learning.Auth.Jwt.Api.Server\Learning.Auth.Jwt.Api.Server.csproj", "{5CD60402-5CA0-4A4B-AD99-D791E8EF9986}"
EndProject
Global
	GlobalSection(SolutionConfigurationPlatforms) = preSolution
		Debug|Any CPU = Debug|Any CPU
		Release|Any CPU = Release|Any CPU
	EndGlobalSection
	GlobalSection(ProjectConfigurationPlatforms) = postSolution
		{4E15F0A9-E45F-4E58-8181-02130E981A14}.Debug|Any CPU.ActiveCfg = Debug|Any CPU
		{4E15F0A9-E45F-4E58-8181-02130E981A14}.Debug|Any CPU.Build.0 = Debug|Any CPU
		{4E15F0A9-E45F-4E58-8181-02130E981A14}.Release|Any CPU.ActiveCfg = Release|Any CPU
		{4E15F0A9-E45F-4E58-8181-02130E981A14}.Release|Any CPU.Build.0 = Release|Any CPU
		{968F69F4-C0AA-44C7-B8F6-4DC6D82C97F4}.Debug|Any CPU.ActiveCfg = Debug|Any CPU
		{968F69F4-C0AA-44C7-B8F6-4DC6D82C97F4}.Debug|Any CPU.Build.0 = Debug|Any CPU
		{968F69F4-C0AA-44C7-B8F6-4DC6D82C97F4}.Release|Any CPU.ActiveCfg = Release|Any CPU
		{968F69F4-C0AA-44C7-B8F6-4DC6D82C97F4}.Release|Any CPU.Build.0 = Release|Any CPU
		{3D6DFFA7-51EE-42F0-929A-39424187644C}.Debug|Any CPU.ActiveCfg = Debug|Any CPU
		{3D6DFFA7-51EE-42F0-929A-39424187644C}.Debug|Any CPU.Build.0 = Debug|Any CPU
		{3D6DFFA7-51EE-42F0-929A-39424187644C}.Release|Any CPU.ActiveCfg = Release|Any CPU
		{3D6DFFA7-51EE-42F0-929A-39424187644C}.Release|Any CPU.Build.0 = Release|Any CPU
		{6904043C-AB76-45EC-8D4F-43F9313F36C0}.Debug|Any CPU.ActiveCfg = Debug|Any CPU
		{6904043C-AB76-45EC-8D4F-43F9313F36C0}.Debug|Any CPU.Build.0 = Debug|Any CPU
		{6904043C-AB76-45EC-8D4F-43F9313F36C0}.Release|Any CPU.ActiveCfg = Release|Any CPU
		{6904043C-AB76-45EC-8D4F-43F9313F36C0}.Release|Any CPU.Build.0 = Release|Any CPU
		{5CD60402-5CA0-4A4B-AD99-D791E8EF9986}.Debug|Any CPU.ActiveCfg = Debug|Any CPU
		{5CD60402-5CA0-4A4B-AD99-D791E8EF9986}.Debug|Any CPU.Build.0 = Debug|Any CPU
		{5CD60402-5CA0-4A4B-AD99-D791E8EF9986}.Release|Any CPU.ActiveCfg = Release|Any CPU
		{5CD60402-5CA0-4A4B-AD99-D791E8EF9986}.Release|Any CPU.Build.0 = Release|Any CPU
	EndGlobalSection
EndGlobal
