
Microsoft Visual Studio Solution File, Format Version 12.00
Project("{FAE04EC0-301F-11D3-BF4B-00C04F79EFBC}") = "Learning.Auth.Jwt.Api.KeyGen", "Learning.Auth.Jwt.Api.KeyGen\Learning.Auth.Jwt.Api.KeyGen.csproj", "{3D6DFFA7-51EE-42F0-929A-39424187644C}"
EndProject
Project("{FAE04EC0-301F-11D3-BF4B-00C04F79EFBC}") = "Learning.Auth.Jwt.Api.Client", "Learning.Auth.Jwt.Api.Client\Learning.Auth.Jwt.Api.Client.csproj", "{6904043C-AB76-45EC-8D4F-43F9313F36C0}"
EndProject
Project("{FAE04EC0-301F-11D3-BF4B-00C04F79EFBC}") = "Learning.Auth.Jwt.Api.Server", "Learning.Auth.Jwt.Api.Server\Learning.Auth.Jwt.Api.Server.csproj", "{5CD60402-5CA0-4A4B-AD99-D791E8EF9986}"
EndProject
Project("{FAE04EC0-301F-11D3-BF4B-00C04F79EFBC}") = "Learning.Auth.Basics.Api", "Learning.Auth.Basics.Api\Learning.Auth.Basics.Api.csproj", "{FE012954-A12E-4F4F-A936-07DB26E8C3AE}"
EndProject
Project("{FAE04EC0-301F-11D3-BF4B-00C04F79EFBC}") = "Learning.Auth.Basics.Api.With.Authorisation", "Learning.Auth.Basics.Api.With.Authorisation\Learning.Auth.Basics.Api.With.Authorisation.csproj", "{5EC12237-9452-4D78-8E35-8D13E96D3A39}"
EndProject
Project("{FAE04EC0-301F-11D3-BF4B-00C04F79EFBC}") = "Learning.Auth.Basics.Api.Schemes", "Learning.Auth.Basics.Api.Schemes\Learning.Auth.Basics.Api.Schemes.csproj", "{72E3C1A4-7241-4B0B-A58F-D49865CE730C}"
EndProject
Project("{FAE04EC0-301F-11D3-BF4B-00C04F79EFBC}") = "Learning.Auth.Cookies.Api", "Learning.Auth.Cookies.Api\Learning.Auth.Cookies.Api.csproj", "{846E5FD1-0837-45B1-9C38-E13EB7065AC2}"
EndProject
Project("{FAE04EC0-301F-11D3-BF4B-00C04F79EFBC}") = "Learning.Auth.Cookies.Sso.Api", "Learning.Auth.Cookies.Sso.Api\Learning.Auth.Cookies.Sso.Api.csproj", "{1802B3F8-0F9E-4492-872C-D7D51B6672DF}"
EndProject
Project("{FAE04EC0-301F-11D3-BF4B-00C04F79EFBC}") = "Learning.Auth.Cookies.Sso.Identity", "Learning.Auth.Cookies.Sso.Identity\Learning.Auth.Cookies.Sso.Identity.csproj", "{56D549F0-501E-4C07-857E-28EE43F1BA51}"
EndProject
Project("{FAE04EC0-301F-11D3-BF4B-00C04F79EFBC}") = "Learning.Auth.Cookies.Invalidation", "Learning.Auth.Cookies.Invalidation\Learning.Auth.Cookies.Invalidation.csproj", "{47969F5D-637F-457F-B2C0-5CFED25F3487}"
EndProject
Project("{FAE04EC0-301F-11D3-BF4B-00C04F79EFBC}") = "Learning.Auth.Jwt.Revocation", "Learning.Auth.Jwt.Revocation\Learning.Auth.Jwt.Revocation.csproj", "{E71C87FB-A123-416C-B51E-959D287511AE}"
EndProject
Project("{FAE04EC0-301F-11D3-BF4B-00C04F79EFBC}") = "Learning.Auth.Jwt.Refresh.Tokens", "Learning.Auth.Jwt.Refresh.Tokens\Learning.Auth.Jwt.Refresh.Tokens.csproj", "{342C3690-47AF-4882-9184-BD64F8DE875A}"
EndProject
Project("{FAE04EC0-301F-11D3-BF4B-00C04F79EFBC}") = "Learning.Auth.OAuth.Basic.GitHub.Api", "Learning.Auth.OAuth.Basic.GitHub.Api\Learning.Auth.OAuth.Basic.GitHub.Api.csproj", "{AC8ECC34-9C62-4844-9ADD-7D5B7E9FF73B}"
EndProject
Project("{FAE04EC0-301F-11D3-BF4B-00C04F79EFBC}") = "Learning.Auth.OAuth.Basic.YouTube.Api", "Learning.Auth.OAuth.Basic.YouTube.Api\Learning.Auth.OAuth.Basic.YouTube.Api.csproj", "{BBBA2C42-93D5-4987-B30A-9C068C3F8FF9}"
EndProject
Project("{FAE04EC0-301F-11D3-BF4B-00C04F79EFBC}") = "Learning.Auth.OAuth.Custom.Server", "Learning.Auth.OAuth.Custom.Server\Learning.Auth.OAuth.Custom.Server.csproj", "{9F5E323B-8550-45A8-8944-76709E9E093E}"
EndProject
Project("{FAE04EC0-301F-11D3-BF4B-00C04F79EFBC}") = "Learning.Auth.OAuth.Custom.Client", "Learning.Auth.OAuth.Custom.Client\Learning.Auth.OAuth.Custom.Client.csproj", "{075C5128-D952-4F38-9CD7-EA3CC20969A6}"
EndProject
Global
	GlobalSection(SolutionConfigurationPlatforms) = preSolution
		Debug|Any CPU = Debug|Any CPU
		Release|Any CPU = Release|Any CPU
	EndGlobalSection
	GlobalSection(ProjectConfigurationPlatforms) = postSolution
		{3D6DFFA7-51EE-42F0-929A-39424187644C}.Debug|Any CPU.ActiveCfg = Debug|Any CPU
		{3D6DFFA7-51EE-42F0-929A-39424187644C}.Debug|Any CPU.Build.0 = Debug|Any CPU
		{3D6DFFA7-51EE-42F0-929A-39424187644C}.Release|Any CPU.ActiveCfg = Release|Any CPU
		{3D6DFFA7-51EE-42F0-929A-39424187644C}.Release|Any CPU.Build.0 = Release|Any CPU
		{6904043C-AB76-45EC-8D4F-43F9313F36C0}.Debug|Any CPU.ActiveCfg = Debug|Any CPU
		{6904043C-AB76-45EC-8D4F-43F9313F36C0}.Debug|Any CPU.Build.0 = Debug|Any CPU
		{6904043C-AB76-45EC-8D4F-43F9313F36C0}.Release|Any CPU.ActiveCfg = Release|Any CPU
		{6904043C-AB76-45EC-8D4F-43F9313F36C0}.Release|Any CPU.Build.0 = Release|Any CPU
		{5CD60402-5CA0-4A4B-AD99-D791E8EF9986}.Debug|Any CPU.ActiveCfg = Debug|Any CPU
		{5CD60402-5CA0-4A4B-AD99-D791E8EF9986}.Debug|Any CPU.Build.0 = Debug|Any CPU
		{5CD60402-5CA0-4A4B-AD99-D791E8EF9986}.Release|Any CPU.ActiveCfg = Release|Any CPU
		{5CD60402-5CA0-4A4B-AD99-D791E8EF9986}.Release|Any CPU.Build.0 = Release|Any CPU
		{FE012954-A12E-4F4F-A936-07DB26E8C3AE}.Debug|Any CPU.ActiveCfg = Debug|Any CPU
		{FE012954-A12E-4F4F-A936-07DB26E8C3AE}.Debug|Any CPU.Build.0 = Debug|Any CPU
		{FE012954-A12E-4F4F-A936-07DB26E8C3AE}.Release|Any CPU.ActiveCfg = Release|Any CPU
		{FE012954-A12E-4F4F-A936-07DB26E8C3AE}.Release|Any CPU.Build.0 = Release|Any CPU
		{5EC12237-9452-4D78-8E35-8D13E96D3A39}.Debug|Any CPU.ActiveCfg = Debug|Any CPU
		{5EC12237-9452-4D78-8E35-8D13E96D3A39}.Debug|Any CPU.Build.0 = Debug|Any CPU
		{5EC12237-9452-4D78-8E35-8D13E96D3A39}.Release|Any CPU.ActiveCfg = Release|Any CPU
		{5EC12237-9452-4D78-8E35-8D13E96D3A39}.Release|Any CPU.Build.0 = Release|Any CPU
		{72E3C1A4-7241-4B0B-A58F-D49865CE730C}.Debug|Any CPU.ActiveCfg = Debug|Any CPU
		{72E3C1A4-7241-4B0B-A58F-D49865CE730C}.Debug|Any CPU.Build.0 = Debug|Any CPU
		{72E3C1A4-7241-4B0B-A58F-D49865CE730C}.Release|Any CPU.ActiveCfg = Release|Any CPU
		{72E3C1A4-7241-4B0B-A58F-D49865CE730C}.Release|Any CPU.Build.0 = Release|Any CPU
		{846E5FD1-0837-45B1-9C38-E13EB7065AC2}.Debug|Any CPU.ActiveCfg = Debug|Any CPU
		{846E5FD1-0837-45B1-9C38-E13EB7065AC2}.Debug|Any CPU.Build.0 = Debug|Any CPU
		{846E5FD1-0837-45B1-9C38-E13EB7065AC2}.Release|Any CPU.ActiveCfg = Release|Any CPU
		{846E5FD1-0837-45B1-9C38-E13EB7065AC2}.Release|Any CPU.Build.0 = Release|Any CPU
		{1802B3F8-0F9E-4492-872C-D7D51B6672DF}.Debug|Any CPU.ActiveCfg = Debug|Any CPU
		{1802B3F8-0F9E-4492-872C-D7D51B6672DF}.Debug|Any CPU.Build.0 = Debug|Any CPU
		{1802B3F8-0F9E-4492-872C-D7D51B6672DF}.Release|Any CPU.ActiveCfg = Release|Any CPU
		{1802B3F8-0F9E-4492-872C-D7D51B6672DF}.Release|Any CPU.Build.0 = Release|Any CPU
		{56D549F0-501E-4C07-857E-28EE43F1BA51}.Debug|Any CPU.ActiveCfg = Debug|Any CPU
		{56D549F0-501E-4C07-857E-28EE43F1BA51}.Debug|Any CPU.Build.0 = Debug|Any CPU
		{56D549F0-501E-4C07-857E-28EE43F1BA51}.Release|Any CPU.ActiveCfg = Release|Any CPU
		{56D549F0-501E-4C07-857E-28EE43F1BA51}.Release|Any CPU.Build.0 = Release|Any CPU
		{47969F5D-637F-457F-B2C0-5CFED25F3487}.Debug|Any CPU.ActiveCfg = Debug|Any CPU
		{47969F5D-637F-457F-B2C0-5CFED25F3487}.Debug|Any CPU.Build.0 = Debug|Any CPU
		{47969F5D-637F-457F-B2C0-5CFED25F3487}.Release|Any CPU.ActiveCfg = Release|Any CPU
		{47969F5D-637F-457F-B2C0-5CFED25F3487}.Release|Any CPU.Build.0 = Release|Any CPU
		{E71C87FB-A123-416C-B51E-959D287511AE}.Debug|Any CPU.ActiveCfg = Debug|Any CPU
		{E71C87FB-A123-416C-B51E-959D287511AE}.Debug|Any CPU.Build.0 = Debug|Any CPU
		{E71C87FB-A123-416C-B51E-959D287511AE}.Release|Any CPU.ActiveCfg = Release|Any CPU
		{E71C87FB-A123-416C-B51E-959D287511AE}.Release|Any CPU.Build.0 = Release|Any CPU
		{342C3690-47AF-4882-9184-BD64F8DE875A}.Debug|Any CPU.ActiveCfg = Debug|Any CPU
		{342C3690-47AF-4882-9184-BD64F8DE875A}.Debug|Any CPU.Build.0 = Debug|Any CPU
		{342C3690-47AF-4882-9184-BD64F8DE875A}.Release|Any CPU.ActiveCfg = Release|Any CPU
		{342C3690-47AF-4882-9184-BD64F8DE875A}.Release|Any CPU.Build.0 = Release|Any CPU
		{AC8ECC34-9C62-4844-9ADD-7D5B7E9FF73B}.Debug|Any CPU.ActiveCfg = Debug|Any CPU
		{AC8ECC34-9C62-4844-9ADD-7D5B7E9FF73B}.Debug|Any CPU.Build.0 = Debug|Any CPU
		{AC8ECC34-9C62-4844-9ADD-7D5B7E9FF73B}.Release|Any CPU.ActiveCfg = Release|Any CPU
		{AC8ECC34-9C62-4844-9ADD-7D5B7E9FF73B}.Release|Any CPU.Build.0 = Release|Any CPU
		{BBBA2C42-93D5-4987-B30A-9C068C3F8FF9}.Debug|Any CPU.ActiveCfg = Debug|Any CPU
		{BBBA2C42-93D5-4987-B30A-9C068C3F8FF9}.Debug|Any CPU.Build.0 = Debug|Any CPU
		{BBBA2C42-93D5-4987-B30A-9C068C3F8FF9}.Release|Any CPU.ActiveCfg = Release|Any CPU
		{BBBA2C42-93D5-4987-B30A-9C068C3F8FF9}.Release|Any CPU.Build.0 = Release|Any CPU
		{9F5E323B-8550-45A8-8944-76709E9E093E}.Debug|Any CPU.ActiveCfg = Debug|Any CPU
		{9F5E323B-8550-45A8-8944-76709E9E093E}.Debug|Any CPU.Build.0 = Debug|Any CPU
		{9F5E323B-8550-45A8-8944-76709E9E093E}.Release|Any CPU.ActiveCfg = Release|Any CPU
		{9F5E323B-8550-45A8-8944-76709E9E093E}.Release|Any CPU.Build.0 = Release|Any CPU
		{075C5128-D952-4F38-9CD7-EA3CC20969A6}.Debug|Any CPU.ActiveCfg = Debug|Any CPU
		{075C5128-D952-4F38-9CD7-EA3CC20969A6}.Debug|Any CPU.Build.0 = Debug|Any CPU
		{075C5128-D952-4F38-9CD7-EA3CC20969A6}.Release|Any CPU.ActiveCfg = Release|Any CPU
		{075C5128-D952-4F38-9CD7-EA3CC20969A6}.Release|Any CPU.Build.0 = Release|Any CPU
	EndGlobalSection
EndGlobal
